
Microsoft Visual Studio Solution File, Format Version 12.00
# Visual Studio Version 17
VisualStudioVersion = 17.14.37027.9
MinimumVisualStudioVersion = 10.0.40219.1
Project("{FAE04EC0-301F-11D3-BF4B-00C04F79EFBC}") = "Athos64", "Athos64.csproj", "{4313D0BD-F5EA-4B2D-B1CF-3824E3DB0FA3}"
EndProject
Global
	GlobalSection(SolutionConfigurationPlatforms) = preSolution
		Debug|Any CPU = Debug|Any CPU
		Debug|x64 = Debug|x64
		Release|Any CPU = Release|Any CPU
		Release|x64 = Release|x64
	EndGlobalSection
	GlobalSection(ProjectConfigurationPlatforms) = postSolution
		{4313D0BD-F5EA-4B2D-B1CF-3824E3DB0FA3}.Debug|Any CPU.ActiveCfg = Debug|Any CPU
		{4313D0BD-F5EA-4B2D-B1CF-3824E3DB0FA3}.Debug|Any CPU.Build.0 = Debug|Any CPU
		{4313D0BD-F5EA-4B2D-B1CF-3824E3DB0FA3}.Debug|x64.ActiveCfg = Debug|x64
		{4313D0BD-F5EA-4B2D-B1CF-3824E3DB0FA3}.Debug|x64.Build.0 = Debug|x64
		{4313D0BD-F5EA-4B2D-B1CF-3824E3DB0FA3}.Release|Any CPU.ActiveCfg = Release|Any CPU
		{4313D0BD-F5EA-4B2D-B1CF-3824E3DB0FA3}.Release|Any CPU.Build.0 = Release|Any CPU
		{4313D0BD-F5EA-4B2D-B1CF-3824E3DB0FA3}.Release|x64.ActiveCfg = Release|x64
		{4313D0BD-F5EA-4B2D-B1CF-3824E3DB0FA3}.Release|x64.Build.0 = Release|x64
	EndGlobalSection
	GlobalSection(SolutionProperties) = preSolution
		HideSolutionNode = FALSE
	EndGlobalSection
	GlobalSection(ExtensibilityGlobals) = postSolution
		SolutionGuid = {7D579231-4F3A-4E6E-AC4C-C221C17372B5}
	EndGlobalSection
EndGlobal
